{
  "name": "disqus-client",
  "version": "1.0.0",
  "lockfileVersion": 2,
  "requires": true,
  "packages": {
    "": {
      "name": "disqus-client",
      "version": "1.0.0",
      "license": "ISC",
      "devDependencies": {
        "@types/lodash-es": "^4.17.8"
      }
    },
    "node_modules/@types/lodash": {
      "version": "4.14.196",
      "resolved": "https://registry.npmjs.org/@types/lodash/-/lodash-4.14.196.tgz",
      "integrity": "sha512-22y3o88f4a94mKljsZcanlNWPzO0uBsBdzLAngf2tp533LzZcQzb6+eZPJ+vCTt+bqF2XnvT9gejTLsAcJAJyQ==",
      "dev": true
    },
    "node_modules/@types/lodash-es": {
      "version": "4.17.8",
      "resolved": "https://registry.npmjs.org/@types/lodash-es/-/lodash-es-4.17.8.tgz",
      "integrity": "sha512-euY3XQcZmIzSy7YH5+Unb3b2X12Wtk54YWINBvvGQ5SmMvwb11JQskGsfkH/5HXK77Kr8GF0wkVDIxzAisWtog==",
      "dev": true,
      "dependencies": {
        "@types/lodash": "*"
      }
    }
  },
  "dependencies": {
    "@types/lodash": {
      "version": "4.14.196",
      "resolved": "https://registry.npmjs.org/@types/lodash/-/lodash-4.14.196.tgz",
      "integrity": "sha512-22y3o88f4a94mKljsZcanlNWPzO0uBsBdzLAngf2tp533LzZcQzb6+eZPJ+vCTt+bqF2XnvT9gejTLsAcJAJyQ==",
      "dev": true
    },
    "@types/lodash-es": {
      "version": "4.17.8",
      "resolved": "https://registry.npmjs.org/@types/lodash-es/-/lodash-es-4.17.8.tgz",
      "integrity": "sha512-euY3XQcZmIzSy7YH5+Unb3b2X12Wtk54YWINBvvGQ5SmMvwb11JQskGsfkH/5HXK77Kr8GF0wkVDIxzAisWtog==",
      "dev": true,
      "requires": {
        "@types/lodash": "*"
      }
    }
  }
}
